github.com/boynton/data v0.0.1 h1:XFVz1S37dOPtksLvAHTKCQQT72BdcPRsSTLUAP9IcHA=
github.com/boynton/data v0.0.1/go.mod h1:cpfhBNpi+8m4mQhnA6DFFYy8WiLUJZEGuZjt/1t2DBo=
github.com/boynton/smithy v0.2.9 h1:t7FQASGRCtVI+F0vvzc64Wo43Q9qr1eSBAYSfzR0CGY=
github.com/boynton/smithy v0.2.9/go.mod h1:1a90I+tgaX3XKw9aUH2QGKv7BuZLu0G3DtumxoFPG4o=
github.com/ghodss/yaml v1.0.0 h1:wQHKEahhL6wmXdzwWG11gIVCkOv05bNOh+Rxn0yngAk=
github.com/ghodss/yaml v1.0.0/go.mod h1:4dBDuWmgqj2HViK6kFavaiC9ZROes6MMH2rRYeMEF04=
github.com/graphql-go/graphql v0.8.0 h1:JHRQMeQjofwqVvGwYnr8JnPTY0AxgVy1HpHSGPLdH0I=
github.com/graphql-go/graphql v0.8.0/go.mod h1:nKiHzRM0qopJEwCITUuIsxk9PlVlwIiiI8pnJEhordQ=
gopkg.in/check.v1 v0.0.0-20161208181325-20d25e280405 h1:yhCVgyC4o1eVCa2tZl7eS0r+SDo693bJlVdllGtEeKM=
gopkg.in/check.v1 v0.0.0-20161208181325-20d25e280405/go.mod h1:Co6ibVJAznAaIkqp8huTwlJQCZ016jof/cbN4VW5Yz0=
gopkg.in/yaml.v2 v2.4.0 h1:D8xgwECY7CYvx+Y2n4sBz93Jn9JRvxdiyyo8CTfuKaY=
gopkg.in/yaml.v2 v2.4.0/go.mod h1:RDklbk79AGWmwhnvt/jBztapEOGDOx6ZbXqjP6csGnQ=
